
Microsoft Visual Studio Solution File, Format Version 11.00
# Visual Studio 2010
Project("{FAE04EC0-301F-11D3-BF4B-00C04F79EFBC}") = "NetDimension.WeiboMonoTouch", "NetDimension.Weibo\NetDimension.WeiboMonoTouch.csproj", "{4FC6486E-692C-4B22-B0A3-286C2FC53601}"
EndProject
Global
	GlobalSection(SolutionConfigurationPlatforms) = preSolution
		Debug|Any CPU = Debug|Any CPU
		Release|Any CPU = Release|Any CPU
	EndGlobalSection
	GlobalSection(ProjectConfigurationPlatforms) = postSolution
		{4FC6486E-692C-4B22-B0A3-286C2FC53601}.Debug|Any CPU.ActiveCfg = Debug|Any CPU
		{4FC6486E-692C-4B22-B0A3-286C2FC53601}.Debug|Any CPU.Build.0 = Debug|Any CPU
		{4FC6486E-692C-4B22-B0A3-286C2FC53601}.Release|Any CPU.ActiveCfg = Release|Any CPU
		{4FC6486E-692C-4B22-B0A3-286C2FC53601}.Release|Any CPU.Build.0 = Release|Any CPU
	EndGlobalSection
	GlobalSection(MonoDevelopProperties) = preSolution
		StartupItem = NetDimension.Weibo\NetDimension.WeiboMonoTouch.csproj
	EndGlobalSection
EndGlobal
